
Microsoft Visual Studio Solution File, Format Version 12.00
# Visual Studio Version 17
VisualStudioVersion = 17.0.31912.275
MinimumVisualStudioVersion = 10.0.40219.1
Project("{2150E333-8FDC-42A3-9474-1A3956D46DE8}") = "src", "src", "{865E1C7C-11DF-4FF4-A276-873C17FDCEE0}"
EndProject
Project("{9A19103F-16F7-4668-BE54-9A1E7A4F7556}") = "TreeStore.LiteDb", "src\TreeStore.LiteDb\TreeStore.LiteDb.csproj", "{AA161186-2CB0-46F0-B452-35E38CBFB0F6}"
EndProject
Project("{9A19103F-16F7-4668-BE54-9A1E7A4F7556}") = "TreeStore.Model", "src\TreeStore.Model\TreeStore.Model.csproj", "{42FABB35-DAAE-4F20-A36A-D6FC24354A56}"
EndProject
Project("{9A19103F-16F7-4668-BE54-9A1E7A4F7556}") = "TreeStore.Server.Host", "src\TreeStore.Server.Host\TreeStore.Server.Host.csproj", "{5EA7B74C-C625-4CB8-A258-2B020169F5E4}"
EndProject
Project("{2150E333-8FDC-42A3-9474-1A3956D46DE8}") = "test", "test", "{B4FE5DD4-C836-4132-BD1E-9C6B3E94709D}"
EndProject
Project("{9A19103F-16F7-4668-BE54-9A1E7A4F7556}") = "TreeStore.LiteDb.Test", "test\TreeStore.LiteDb.Test\TreeStore.LiteDb.Test.csproj", "{AEBC841E-4E40-4A93-BD5A-AD2F9413F60E}"
EndProject
Project("{9A19103F-16F7-4668-BE54-9A1E7A4F7556}") = "TreeStore.Model.Abstractions", "src\TreeStore.Model.Abstractions\TreeStore.Model.Abstractions.csproj", "{8051F60A-0C39-4CA6-971D-BB6236979CDD}"
EndProject
Project("{9A19103F-16F7-4668-BE54-9A1E7A4F7556}") = "TreeStore.Model.Test", "test\TreeStore.Model.Test\TreeStore.Model.Test.csproj", "{7E87F2A4-6798-4991-ACDA-52871E9ED99B}"
EndProject
Project("{9A19103F-16F7-4668-BE54-9A1E7A4F7556}") = "TreeStore.Server.Host.Test", "test\TreeStore.Server.Host.Test\TreeStore.Server.Host.Test.csproj", "{432038F5-E738-435C-A87E-CBFBCDE7FCDF}"
EndProject
Project("{9A19103F-16F7-4668-BE54-9A1E7A4F7556}") = "TreeStore.Server.Client", "src\TreeStore.Server.Client\TreeStore.Server.Client.csproj", "{3A9367D1-9D0F-44A2-9C52-B10E5999F062}"
EndProject
Project("{9A19103F-16F7-4668-BE54-9A1E7A4F7556}") = "TreeStore.Server.Host.IntegTest", "test\TreeStore.Server.Host.IntegTest\TreeStore.Server.Host.IntegTest.csproj", "{5D37025D-7511-4C90-BF56-9F28378D0E37}"
EndProject
Project("{9A19103F-16F7-4668-BE54-9A1E7A4F7556}") = "PowerShellFilesystemProviderBase", "submodules\TreeStore.ProviderCore\src\PowerShellFilesystemProviderBase\PowerShellFilesystemProviderBase.csproj", "{7CEB5653-AF62-4AED-B0E8-8C84B1AA74DF}"
EndProject
Project("{2150E333-8FDC-42A3-9474-1A3956D46DE8}") = "FileSystemProviderBase", "FileSystemProviderBase", "{744F2486-89F5-4D8D-8459-62A902448E50}"
EndProject
Project("{9A19103F-16F7-4668-BE54-9A1E7A4F7556}") = "PowerShellFilesystemProviderBase.Test", "submodules\TreeStore.ProviderCore\test\PowerShellFilesystemProviderBase.Test\PowerShellFilesystemProviderBase.Test.csproj", "{98BE21E4-F723-4D74-942B-29BEF19CEBCD}"
EndProject
Project("{9A19103F-16F7-4668-BE54-9A1E7A4F7556}") = "Microsoft.PowerShell.Commands.Diagnostics", "submodules\TreeStore.ProviderCore\submodules\PowerShell\src\Microsoft.PowerShell.Commands.Diagnostics\Microsoft.PowerShell.Commands.Diagnostics.csproj", "{D2797699-31D8-4E3C-9422-87153B2D21F1}"
EndProject
Project("{9A19103F-16F7-4668-BE54-9A1E7A4F7556}") = "Microsoft.WSMan.Management", "submodules\TreeStore.ProviderCore\submodules\PowerShell\src\Microsoft.WSMan.Management\Microsoft.WSMan.Management.csproj", "{42BC8BC2-9C29-48D9-94C4-E7C6F23EB2A9}"
EndProject
Project("{9A19103F-16F7-4668-BE54-9A1E7A4F7556}") = "System.Management.Automation", "submodules\TreeStore.ProviderCore\submodules\PowerShell\src\System.Management.Automation\System.Management.Automation.csproj", "{9B9EB750-652E-4204-918E-F9EC2EB23523}"
EndProject
Project("{9A19103F-16F7-4668-BE54-9A1E7A4F7556}") = "Microsoft.PowerShell.SDK", "submodules\TreeStore.ProviderCore\submodules\PowerShell\src\Microsoft.PowerShell.SDK\Microsoft.PowerShell.SDK.csproj", "{4619053D-4B53-4922-9B28-91E6DE6F546E}"
EndProject
Project("{9A19103F-16F7-4668-BE54-9A1E7A4F7556}") = "Microsoft.PowerShell.CoreCLR.Eventing", "submodules\TreeStore.ProviderCore\submodules\PowerShell\src\Microsoft.PowerShell.CoreCLR.Eventing\Microsoft.PowerShell.CoreCLR.Eventing.csproj", "{DD294A41-4387-4E27-88AC-3048437A2701}"
EndProject
Project("{9A19103F-16F7-4668-BE54-9A1E7A4F7556}") = "TreeStore.DictionaryFS", "submodules\TreeStore.ProviderCore\src\TreeStore.DictionaryFS\TreeStore.DictionaryFS.csproj", "{BEAFBDA3-BC95-42C1-BA63-79E1BE874652}"
EndProject
Project("{9A19103F-16F7-4668-BE54-9A1E7A4F7556}") = "Microsoft.PowerShell.Commands.Management", "submodules\TreeStore.ProviderCore\submodules\PowerShell\src\Microsoft.PowerShell.Commands.Management\Microsoft.PowerShell.Commands.Management.csproj", "{85FA5A31-F7CB-4225-8FCC-12719864D341}"
EndProject
Project("{9A19103F-16F7-4668-BE54-9A1E7A4F7556}") = "Microsoft.PowerShell.Commands.Utility", "submodules\TreeStore.ProviderCore\submodules\PowerShell\src\Microsoft.PowerShell.Commands.Utility\Microsoft.PowerShell.Commands.Utility.csproj", "{1307D1FF-1FCC-448D-8299-312A64C875BA}"
EndProject
Project("{9A19103F-16F7-4668-BE54-9A1E7A4F7556}") = "Microsoft.PowerShell.ConsoleHost", "submodules\TreeStore.ProviderCore\submodules\PowerShell\src\Microsoft.PowerShell.ConsoleHost\Microsoft.PowerShell.ConsoleHost.csproj", "{91550D79-CACE-4077-A66A-A838005FF996}"
EndProject
Project("{9A19103F-16F7-4668-BE54-9A1E7A4F7556}") = "Microsoft.PowerShell.Security", "submodules\TreeStore.ProviderCore\submodules\PowerShell\src\Microsoft.PowerShell.Security\Microsoft.PowerShell.Security.csproj", "{0A115490-FBC8-41D2-9F6C-79AC1780882E}"
EndProject
Project("{2150E333-8FDC-42A3-9474-1A3956D46DE8}") = "PowerShell", "PowerShell", "{92DF24A2-F8C0-4F85-A578-35537F67C1DE}"
EndProject
Project("{9A19103F-16F7-4668-BE54-9A1E7A4F7556}") = "TreeStore.DictionaryFS.Test", "submodules\TreeStore.ProviderCore\test\TreeStore.DictionaryFS.Test\TreeStore.DictionaryFS.Test.csproj", "{CA759E44-A09C-4045-81E5-7477851E6257}"
EndProject
Project("{9A19103F-16F7-4668-BE54-9A1E7A4F7556}") = "TreeStoreFS", "src\TreeStoreFS\TreeStoreFS.csproj", "{CEC06D47-6DEA-49E6-A2BA-DA944EE134ED}"
EndProject
Project("{9A19103F-16F7-4668-BE54-9A1E7A4F7556}") = "TreeStoreFS.Test", "test\TreeStoreFS.Test\TreeStoreFS.Test.csproj", "{15851A0B-F50C-441A-96DD-A045EAD6E7EB}"
EndProject
Project("{2150E333-8FDC-42A3-9474-1A3956D46DE8}") = "Solution Items", "Solution Items", "{47E0C83E-8725-457A-9F28-5F4BF9E23356}"
	ProjectSection(SolutionItems) = preProject
		.editorconfig = .editorconfig
	EndProjectSection
EndProject
Global
	GlobalSection(SolutionConfigurationPlatforms) = preSolution
		Debug|Any CPU = Debug|Any CPU
		Debug|x64 = Debug|x64
		Debug|x86 = Debug|x86
		Release|Any CPU = Release|Any CPU
		Release|x64 = Release|x64
		Release|x86 = Release|x86
	EndGlobalSection
	GlobalSection(ProjectConfigurationPlatforms) = postSolution
		{AA161186-2CB0-46F0-B452-35E38CBFB0F6}.Debug|Any CPU.ActiveCfg = Debug|Any CPU
		{AA161186-2CB0-46F0-B452-35E38CBFB0F6}.Debug|Any CPU.Build.0 = Debug|Any CPU
		{AA161186-2CB0-46F0-B452-35E38CBFB0F6}.Debug|x64.ActiveCfg = Debug|Any CPU
		{AA161186-2CB0-46F0-B452-35E38CBFB0F6}.Debug|x64.Build.0 = Debug|Any CPU
		{AA161186-2CB0-46F0-B452-35E38CBFB0F6}.Debug|x86.ActiveCfg = Debug|Any CPU
		{AA161186-2CB0-46F0-B452-35E38CBFB0F6}.Debug|x86.Build.0 = Debug|Any CPU
		{AA161186-2CB0-46F0-B452-35E38CBFB0F6}.Release|Any CPU.ActiveCfg = Release|Any CPU
		{AA161186-2CB0-46F0-B452-35E38CBFB0F6}.Release|Any CPU.Build.0 = Release|Any CPU
		{AA161186-2CB0-46F0-B452-35E38CBFB0F6}.Release|x64.ActiveCfg = Release|Any CPU
		{AA161186-2CB0-46F0-B452-35E38CBFB0F6}.Release|x64.Build.0 = Release|Any CPU
		{AA161186-2CB0-46F0-B452-35E38CBFB0F6}.Release|x86.ActiveCfg = Release|Any CPU
		{AA161186-2CB0-46F0-B452-35E38CBFB0F6}.Release|x86.Build.0 = Release|Any CPU
		{42FABB35-DAAE-4F20-A36A-D6FC24354A56}.Debug|Any CPU.ActiveCfg = Debug|Any CPU
		{42FABB35-DAAE-4F20-A36A-D6FC24354A56}.Debug|Any CPU.Build.0 = Debug|Any CPU
		{42FABB35-DAAE-4F20-A36A-D6FC24354A56}.Debug|x64.ActiveCfg = Debug|Any CPU
		{42FABB35-DAAE-4F20-A36A-D6FC24354A56}.Debug|x64.Build.0 = Debug|Any CPU
		{42FABB35-DAAE-4F20-A36A-D6FC24354A56}.Debug|x86.ActiveCfg = Debug|Any CPU
		{42FABB35-DAAE-4F20-A36A-D6FC24354A56}.Debug|x86.Build.0 = Debug|Any CPU
		{42FABB35-DAAE-4F20-A36A-D6FC24354A56}.Release|Any CPU.ActiveCfg = Release|Any CPU
		{42FABB35-DAAE-4F20-A36A-D6FC24354A56}.Release|Any CPU.Build.0 = Release|Any CPU
		{42FABB35-DAAE-4F20-A36A-D6FC24354A56}.Release|x64.ActiveCfg = Release|Any CPU
		{42FABB35-DAAE-4F20-A36A-D6FC24354A56}.Release|x64.Build.0 = Release|Any CPU
		{42FABB35-DAAE-4F20-A36A-D6FC24354A56}.Release|x86.ActiveCfg = Release|Any CPU
		{42FABB35-DAAE-4F20-A36A-D6FC24354A56}.Release|x86.Build.0 = Release|Any CPU
		{5EA7B74C-C625-4CB8-A258-2B020169F5E4}.Debug|Any CPU.ActiveCfg = Debug|Any CPU
		{5EA7B74C-C625-4CB8-A258-2B020169F5E4}.Debug|Any CPU.Build.0 = Debug|Any CPU
		{5EA7B74C-C625-4CB8-A258-2B020169F5E4}.Debug|x64.ActiveCfg = Debug|Any CPU
		{5EA7B74C-C625-4CB8-A258-2B020169F5E4}.Debug|x64.Build.0 = Debug|Any CPU
		{5EA7B74C-C625-4CB8-A258-2B020169F5E4}.Debug|x86.ActiveCfg = Debug|Any CPU
		{5EA7B74C-C625-4CB8-A258-2B020169F5E4}.Debug|x86.Build.0 = Debug|Any CPU
		{5EA7B74C-C625-4CB8-A258-2B020169F5E4}.Release|Any CPU.ActiveCfg = Release|Any CPU
		{5EA7B74C-C625-4CB8-A258-2B020169F5E4}.Release|Any CPU.Build.0 = Release|Any CPU
		{5EA7B74C-C625-4CB8-A258-2B020169F5E4}.Release|x64.ActiveCfg = Release|Any CPU
		{5EA7B74C-C625-4CB8-A258-2B020169F5E4}.Release|x64.Build.0 = Release|Any CPU
		{5EA7B74C-C625-4CB8-A258-2B020169F5E4}.Release|x86.ActiveCfg = Release|Any CPU
		{5EA7B74C-C625-4CB8-A258-2B020169F5E4}.Release|x86.Build.0 = Release|Any CPU
		{AEBC841E-4E40-4A93-BD5A-AD2F9413F60E}.Debug|Any CPU.ActiveCfg = Debug|Any CPU
		{AEBC841E-4E40-4A93-BD5A-AD2F9413F60E}.Debug|Any CPU.Build.0 = Debug|Any CPU
		{AEBC841E-4E40-4A93-BD5A-AD2F9413F60E}.Debug|x64.ActiveCfg = Debug|Any CPU
		{AEBC841E-4E40-4A93-BD5A-AD2F9413F60E}.Debug|x64.Build.0 = Debug|Any CPU
		{AEBC841E-4E40-4A93-BD5A-AD2F9413F60E}.Debug|x86.ActiveCfg = Debug|Any CPU
		{AEBC841E-4E40-4A93-BD5A-AD2F9413F60E}.Debug|x86.Build.0 = Debug|Any CPU
		{AEBC841E-4E40-4A93-BD5A-AD2F9413F60E}.Release|Any CPU.ActiveCfg = Release|Any CPU
		{AEBC841E-4E40-4A93-BD5A-AD2F9413F60E}.Release|Any CPU.Build.0 = Release|Any CPU
		{AEBC841E-4E40-4A93-BD5A-AD2F9413F60E}.Release|x64.ActiveCfg = Release|Any CPU
		{AEBC841E-4E40-4A93-BD5A-AD2F9413F60E}.Release|x64.Build.0 = Release|Any CPU
		{AEBC841E-4E40-4A93-BD5A-AD2F9413F60E}.Release|x86.ActiveCfg = Release|Any CPU
		{AEBC841E-4E40-4A93-BD5A-AD2F9413F60E}.Release|x86.Build.0 = Release|Any CPU
		{8051F60A-0C39-4CA6-971D-BB6236979CDD}.Debug|Any CPU.ActiveCfg = Debug|Any CPU
		{8051F60A-0C39-4CA6-971D-BB6236979CDD}.Debug|Any CPU.Build.0 = Debug|Any CPU
		{8051F60A-0C39-4CA6-971D-BB6236979CDD}.Debug|x64.ActiveCfg = Debug|Any CPU
		{8051F60A-0C39-4CA6-971D-BB6236979CDD}.Debug|x64.Build.0 = Debug|Any CPU
		{8051F60A-0C39-4CA6-971D-BB6236979CDD}.Debug|x86.ActiveCfg = Debug|Any CPU
		{8051F60A-0C39-4CA6-971D-BB6236979CDD}.Debug|x86.Build.0 = Debug|Any CPU
		{8051F60A-0C39-4CA6-971D-BB6236979CDD}.Release|Any CPU.ActiveCfg = Release|Any CPU
		{8051F60A-0C39-4CA6-971D-BB6236979CDD}.Release|Any CPU.Build.0 = Release|Any CPU
		{8051F60A-0C39-4CA6-971D-BB6236979CDD}.Release|x64.ActiveCfg = Release|Any CPU
		{8051F60A-0C39-4CA6-971D-BB6236979CDD}.Release|x64.Build.0 = Release|Any CPU
		{8051F60A-0C39-4CA6-971D-BB6236979CDD}.Release|x86.ActiveCfg = Release|Any CPU
		{8051F60A-0C39-4CA6-971D-BB6236979CDD}.Release|x86.Build.0 = Release|Any CPU
		{7E87F2A4-6798-4991-ACDA-52871E9ED99B}.Debug|Any CPU.ActiveCfg = Debug|Any CPU
		{7E87F2A4-6798-4991-ACDA-52871E9ED99B}.Debug|Any CPU.Build.0 = Debug|Any CPU
		{7E87F2A4-6798-4991-ACDA-52871E9ED99B}.Debug|x64.ActiveCfg = Debug|Any CPU
		{7E87F2A4-6798-4991-ACDA-52871E9ED99B}.Debug|x64.Build.0 = Debug|Any CPU
		{7E87F2A4-6798-4991-ACDA-52871E9ED99B}.Debug|x86.ActiveCfg = Debug|Any CPU
		{7E87F2A4-6798-4991-ACDA-52871E9ED99B}.Debug|x86.Build.0 = Debug|Any CPU
		{7E87F2A4-6798-4991-ACDA-52871E9ED99B}.Release|Any CPU.ActiveCfg = Release|Any CPU
		{7E87F2A4-6798-4991-ACDA-52871E9ED99B}.Release|Any CPU.Build.0 = Release|Any CPU
		{7E87F2A4-6798-4991-ACDA-52871E9ED99B}.Release|x64.ActiveCfg = Release|Any CPU
		{7E87F2A4-6798-4991-ACDA-52871E9ED99B}.Release|x64.Build.0 = Release|Any CPU
		{7E87F2A4-6798-4991-ACDA-52871E9ED99B}.Release|x86.ActiveCfg = Release|Any CPU
		{7E87F2A4-6798-4991-ACDA-52871E9ED99B}.Release|x86.Build.0 = Release|Any CPU
		{432038F5-E738-435C-A87E-CBFBCDE7FCDF}.Debug|Any CPU.ActiveCfg = Debug|Any CPU
		{432038F5-E738-435C-A87E-CBFBCDE7FCDF}.Debug|Any CPU.Build.0 = Debug|Any CPU
		{432038F5-E738-435C-A87E-CBFBCDE7FCDF}.Debug|x64.ActiveCfg = Debug|Any CPU
		{432038F5-E738-435C-A87E-CBFBCDE7FCDF}.Debug|x64.Build.0 = Debug|Any CPU
		{432038F5-E738-435C-A87E-CBFBCDE7FCDF}.Debug|x86.ActiveCfg = Debug|Any CPU
		{432038F5-E738-435C-A87E-CBFBCDE7FCDF}.Debug|x86.Build.0 = Debug|Any CPU
		{432038F5-E738-435C-A87E-CBFBCDE7FCDF}.Release|Any CPU.ActiveCfg = Release|Any CPU
		{432038F5-E738-435C-A87E-CBFBCDE7FCDF}.Release|Any CPU.Build.0 = Release|Any CPU
		{432038F5-E738-435C-A87E-CBFBCDE7FCDF}.Release|x64.ActiveCfg = Release|Any CPU
		{432038F5-E738-435C-A87E-CBFBCDE7FCDF}.Release|x64.Build.0 = Release|Any CPU
		{432038F5-E738-435C-A87E-CBFBCDE7FCDF}.Release|x86.ActiveCfg = Release|Any CPU
		{432038F5-E738-435C-A87E-CBFBCDE7FCDF}.Release|x86.Build.0 = Release|Any CPU
		{3A9367D1-9D0F-44A2-9C52-B10E5999F062}.Debug|Any CPU.ActiveCfg = Debug|Any CPU
		{3A9367D1-9D0F-44A2-9C52-B10E5999F062}.Debug|Any CPU.Build.0 = Debug|Any CPU
		{3A9367D1-9D0F-44A2-9C52-B10E5999F062}.Debug|x64.ActiveCfg = Debug|Any CPU
		{3A9367D1-9D0F-44A2-9C52-B10E5999F062}.Debug|x64.Build.0 = Debug|Any CPU
		{3A9367D1-9D0F-44A2-9C52-B10E5999F062}.Debug|x86.ActiveCfg = Debug|Any CPU
		{3A9367D1-9D0F-44A2-9C52-B10E5999F062}.Debug|x86.Build.0 = Debug|Any CPU
		{3A9367D1-9D0F-44A2-9C52-B10E5999F062}.Release|Any CPU.ActiveCfg = Release|Any CPU
		{3A9367D1-9D0F-44A2-9C52-B10E5999F062}.Release|Any CPU.Build.0 = Release|Any CPU
		{3A9367D1-9D0F-44A2-9C52-B10E5999F062}.Release|x64.ActiveCfg = Release|Any CPU
		{3A9367D1-9D0F-44A2-9C52-B10E5999F062}.Release|x64.Build.0 = Release|Any CPU
		{3A9367D1-9D0F-44A2-9C52-B10E5999F062}.Release|x86.ActiveCfg = Release|Any CPU
		{3A9367D1-9D0F-44A2-9C52-B10E5999F062}.Release|x86.Build.0 = Release|Any CPU
		{5D37025D-7511-4C90-BF56-9F28378D0E37}.Debug|Any CPU.ActiveCfg = Debug|Any CPU
		{5D37025D-7511-4C90-BF56-9F28378D0E37}.Debug|Any CPU.Build.0 = Debug|Any CPU
		{5D37025D-7511-4C90-BF56-9F28378D0E37}.Debug|x64.ActiveCfg = Debug|Any CPU
		{5D37025D-7511-4C90-BF56-9F28378D0E37}.Debug|x64.Build.0 = Debug|Any CPU
		{5D37025D-7511-4C90-BF56-9F28378D0E37}.Debug|x86.ActiveCfg = Debug|Any CPU
		{5D37025D-7511-4C90-BF56-9F28378D0E37}.Debug|x86.Build.0 = Debug|Any CPU
		{5D37025D-7511-4C90-BF56-9F28378D0E37}.Release|Any CPU.ActiveCfg = Release|Any CPU
		{5D37025D-7511-4C90-BF56-9F28378D0E37}.Release|Any CPU.Build.0 = Release|Any CPU
		{5D37025D-7511-4C90-BF56-9F28378D0E37}.Release|x64.ActiveCfg = Release|Any CPU
		{5D37025D-7511-4C90-BF56-9F28378D0E37}.Release|x64.Build.0 = Release|Any CPU
		{5D37025D-7511-4C90-BF56-9F28378D0E37}.Release|x86.ActiveCfg = Release|Any CPU
		{5D37025D-7511-4C90-BF56-9F28378D0E37}.Release|x86.Build.0 = Release|Any CPU
		{7CEB5653-AF62-4AED-B0E8-8C84B1AA74DF}.Debug|Any CPU.ActiveCfg = Debug|Any CPU
		{7CEB5653-AF62-4AED-B0E8-8C84B1AA74DF}.Debug|Any CPU.Build.0 = Debug|Any CPU
		{7CEB5653-AF62-4AED-B0E8-8C84B1AA74DF}.Debug|x64.ActiveCfg = Debug|Any CPU
		{7CEB5653-AF62-4AED-B0E8-8C84B1AA74DF}.Debug|x64.Build.0 = Debug|Any CPU
		{7CEB5653-AF62-4AED-B0E8-8C84B1AA74DF}.Debug|x86.ActiveCfg = Debug|Any CPU
		{7CEB5653-AF62-4AED-B0E8-8C84B1AA74DF}.Debug|x86.Build.0 = Debug|Any CPU
		{7CEB5653-AF62-4AED-B0E8-8C84B1AA74DF}.Release|Any CPU.ActiveCfg = Release|Any CPU
		{7CEB5653-AF62-4AED-B0E8-8C84B1AA74DF}.Release|Any CPU.Build.0 = Release|Any CPU
		{7CEB5653-AF62-4AED-B0E8-8C84B1AA74DF}.Release|x64.ActiveCfg = Release|Any CPU
		{7CEB5653-AF62-4AED-B0E8-8C84B1AA74DF}.Release|x64.Build.0 = Release|Any CPU
		{7CEB5653-AF62-4AED-B0E8-8C84B1AA74DF}.Release|x86.ActiveCfg = Release|Any CPU
		{7CEB5653-AF62-4AED-B0E8-8C84B1AA74DF}.Release|x86.Build.0 = Release|Any CPU
		{98BE21E4-F723-4D74-942B-29BEF19CEBCD}.Debug|Any CPU.ActiveCfg = Debug|Any CPU
		{98BE21E4-F723-4D74-942B-29BEF19CEBCD}.Debug|Any CPU.Build.0 = Debug|Any CPU
		{98BE21E4-F723-4D74-942B-29BEF19CEBCD}.Debug|x64.ActiveCfg = Debug|Any CPU
		{98BE21E4-F723-4D74-942B-29BEF19CEBCD}.Debug|x64.Build.0 = Debug|Any CPU
		{98BE21E4-F723-4D74-942B-29BEF19CEBCD}.Debug|x86.ActiveCfg = Debug|Any CPU
		{98BE21E4-F723-4D74-942B-29BEF19CEBCD}.Debug|x86.Build.0 = Debug|Any CPU
		{98BE21E4-F723-4D74-942B-29BEF19CEBCD}.Release|Any CPU.ActiveCfg = Release|Any CPU
		{98BE21E4-F723-4D74-942B-29BEF19CEBCD}.Release|Any CPU.Build.0 = Release|Any CPU
		{98BE21E4-F723-4D74-942B-29BEF19CEBCD}.Release|x64.ActiveCfg = Release|Any CPU
		{98BE21E4-F723-4D74-942B-29BEF19CEBCD}.Release|x64.Build.0 = Release|Any CPU
		{98BE21E4-F723-4D74-942B-29BEF19CEBCD}.Release|x86.ActiveCfg = Release|Any CPU
		{98BE21E4-F723-4D74-942B-29BEF19CEBCD}.Release|x86.Build.0 = Release|Any CPU
		{D2797699-31D8-4E3C-9422-87153B2D21F1}.Debug|Any CPU.ActiveCfg = Debug|Any CPU
		{D2797699-31D8-4E3C-9422-87153B2D21F1}.Debug|Any CPU.Build.0 = Debug|Any CPU
		{D2797699-31D8-4E3C-9422-87153B2D21F1}.Debug|x64.ActiveCfg = Debug|Any CPU
		{D2797699-31D8-4E3C-9422-87153B2D21F1}.Debug|x64.Build.0 = Debug|Any CPU
		{D2797699-31D8-4E3C-9422-87153B2D21F1}.Debug|x86.ActiveCfg = Debug|Any CPU
		{D2797699-31D8-4E3C-9422-87153B2D21F1}.Debug|x86.Build.0 = Debug|Any CPU
		{D2797699-31D8-4E3C-9422-87153B2D21F1}.Release|Any CPU.ActiveCfg = Release|Any CPU
		{D2797699-31D8-4E3C-9422-87153B2D21F1}.Release|Any CPU.Build.0 = Release|Any CPU
		{D2797699-31D8-4E3C-9422-87153B2D21F1}.Release|x64.ActiveCfg = Release|Any CPU
		{D2797699-31D8-4E3C-9422-87153B2D21F1}.Release|x64.Build.0 = Release|Any CPU
		{D2797699-31D8-4E3C-9422-87153B2D21F1}.Release|x86.ActiveCfg = Release|Any CPU
		{D2797699-31D8-4E3C-9422-87153B2D21F1}.Release|x86.Build.0 = Release|Any CPU
		{42BC8BC2-9C29-48D9-94C4-E7C6F23EB2A9}.Debug|Any CPU.ActiveCfg = Debug|Any CPU
		{42BC8BC2-9C29-48D9-94C4-E7C6F23EB2A9}.Debug|Any CPU.Build.0 = Debug|Any CPU
		{42BC8BC2-9C29-48D9-94C4-E7C6F23EB2A9}.Debug|x64.ActiveCfg = Debug|Any CPU
		{42BC8BC2-9C29-48D9-94C4-E7C6F23EB2A9}.Debug|x64.Build.0 = Debug|Any CPU
		{42BC8BC2-9C29-48D9-94C4-E7C6F23EB2A9}.Debug|x86.ActiveCfg = Debug|Any CPU
		{42BC8BC2-9C29-48D9-94C4-E7C6F23EB2A9}.Debug|x86.Build.0 = Debug|Any CPU
		{42BC8BC2-9C29-48D9-94C4-E7C6F23EB2A9}.Release|Any CPU.ActiveCfg = Release|Any CPU
		{42BC8BC2-9C29-48D9-94C4-E7C6F23EB2A9}.Release|Any CPU.Build.0 = Release|Any CPU
		{42BC8BC2-9C29-48D9-94C4-E7C6F23EB2A9}.Release|x64.ActiveCfg = Release|Any CPU
		{42BC8BC2-9C29-48D9-94C4-E7C6F23EB2A9}.Release|x64.Build.0 = Release|Any CPU
		{42BC8BC2-9C29-48D9-94C4-E7C6F23EB2A9}.Release|x86.ActiveCfg = Release|Any CPU
		{42BC8BC2-9C29-48D9-94C4-E7C6F23EB2A9}.Release|x86.Build.0 = Release|Any CPU
		{9B9EB750-652E-4204-918E-F9EC2EB23523}.Debug|Any CPU.ActiveCfg = Debug|Any CPU
		{9B9EB750-652E-4204-918E-F9EC2EB23523}.Debug|Any CPU.Build.0 = Debug|Any CPU
		{9B9EB750-652E-4204-918E-F9EC2EB23523}.Debug|x64.ActiveCfg = Debug|Any CPU
		{9B9EB750-652E-4204-918E-F9EC2EB23523}.Debug|x64.Build.0 = Debug|Any CPU
		{9B9EB750-652E-4204-918E-F9EC2EB23523}.Debug|x86.ActiveCfg = Debug|Any CPU
		{9B9EB750-652E-4204-918E-F9EC2EB23523}.Debug|x86.Build.0 = Debug|Any CPU
		{9B9EB750-652E-4204-918E-F9EC2EB23523}.Release|Any CPU.ActiveCfg = Release|Any CPU
		{9B9EB750-652E-4204-918E-F9EC2EB23523}.Release|Any CPU.Build.0 = Release|Any CPU
		{9B9EB750-652E-4204-918E-F9EC2EB23523}.Release|x64.ActiveCfg = Release|Any CPU
		{9B9EB750-652E-4204-918E-F9EC2EB23523}.Release|x64.Build.0 = Release|Any CPU
		{9B9EB750-652E-4204-918E-F9EC2EB23523}.Release|x86.ActiveCfg = Release|Any CPU
		{9B9EB750-652E-4204-918E-F9EC2EB23523}.Release|x86.Build.0 = Release|Any CPU
		{4619053D-4B53-4922-9B28-91E6DE6F546E}.Debug|Any CPU.ActiveCfg = Debug|Any CPU
		{4619053D-4B53-4922-9B28-91E6DE6F546E}.Debug|Any CPU.Build.0 = Debug|Any CPU
		{4619053D-4B53-4922-9B28-91E6DE6F546E}.Debug|x64.ActiveCfg = Debug|Any CPU
		{4619053D-4B53-4922-9B28-91E6DE6F546E}.Debug|x64.Build.0 = Debug|Any CPU
		{4619053D-4B53-4922-9B28-91E6DE6F546E}.Debug|x86.ActiveCfg = Debug|Any CPU
		{4619053D-4B53-4922-9B28-91E6DE6F546E}.Debug|x86.Build.0 = Debug|Any CPU
		{4619053D-4B53-4922-9B28-91E6DE6F546E}.Release|Any CPU.ActiveCfg = Release|Any CPU
		{4619053D-4B53-4922-9B28-91E6DE6F546E}.Release|Any CPU.Build.0 = Release|Any CPU
		{4619053D-4B53-4922-9B28-91E6DE6F546E}.Release|x64.ActiveCfg = Release|Any CPU
		{4619053D-4B53-4922-9B28-91E6DE6F546E}.Release|x64.Build.0 = Release|Any CPU
		{4619053D-4B53-4922-9B28-91E6DE6F546E}.Release|x86.ActiveCfg = Release|Any CPU
		{4619053D-4B53-4922-9B28-91E6DE6F546E}.Release|x86.Build.0 = Release|Any CPU
		{DD294A41-4387-4E27-88AC-3048437A2701}.Debug|Any CPU.ActiveCfg = Debug|Any CPU
		{DD294A41-4387-4E27-88AC-3048437A2701}.Debug|Any CPU.Build.0 = Debug|Any CPU
		{DD294A41-4387-4E27-88AC-3048437A2701}.Debug|x64.ActiveCfg = Debug|Any CPU
		{DD294A41-4387-4E27-88AC-3048437A2701}.Debug|x64.Build.0 = Debug|Any CPU
		{DD294A41-4387-4E27-88AC-3048437A2701}.Debug|x86.ActiveCfg = Debug|Any CPU
		{DD294A41-4387-4E27-88AC-3048437A2701}.Debug|x86.Build.0 = Debug|Any CPU
		{DD294A41-4387-4E27-88AC-3048437A2701}.Release|Any CPU.ActiveCfg = Release|Any CPU
		{DD294A41-4387-4E27-88AC-3048437A2701}.Release|Any CPU.Build.0 = Release|Any CPU
		{DD294A41-4387-4E27-88AC-3048437A2701}.Release|x64.ActiveCfg = Release|Any CPU
		{DD294A41-4387-4E27-88AC-3048437A2701}.Release|x64.Build.0 = Release|Any CPU
		{DD294A41-4387-4E27-88AC-3048437A2701}.Release|x86.ActiveCfg = Release|Any CPU
		{DD294A41-4387-4E27-88AC-3048437A2701}.Release|x86.Build.0 = Release|Any CPU
		{BEAFBDA3-BC95-42C1-BA63-79E1BE874652}.Debug|Any CPU.ActiveCfg = Debug|Any CPU
		{BEAFBDA3-BC95-42C1-BA63-79E1BE874652}.Debug|Any CPU.Build.0 = Debug|Any CPU
		{BEAFBDA3-BC95-42C1-BA63-79E1BE874652}.Debug|x64.ActiveCfg = Debug|Any CPU
		{BEAFBDA3-BC95-42C1-BA63-79E1BE874652}.Debug|x64.Build.0 = Debug|Any CPU
		{BEAFBDA3-BC95-42C1-BA63-79E1BE874652}.Debug|x86.ActiveCfg = Debug|Any CPU
		{BEAFBDA3-BC95-42C1-BA63-79E1BE874652}.Debug|x86.Build.0 = Debug|Any CPU
		{BEAFBDA3-BC95-42C1-BA63-79E1BE874652}.Release|Any CPU.ActiveCfg = Release|Any CPU
		{BEAFBDA3-BC95-42C1-BA63-79E1BE874652}.Release|Any CPU.Build.0 = Release|Any CPU
		{BEAFBDA3-BC95-42C1-BA63-79E1BE874652}.Release|x64.ActiveCfg = Release|Any CPU
		{BEAFBDA3-BC95-42C1-BA63-79E1BE874652}.Release|x64.Build.0 = Release|Any CPU
		{BEAFBDA3-BC95-42C1-BA63-79E1BE874652}.Release|x86.ActiveCfg = Release|Any CPU
		{BEAFBDA3-BC95-42C1-BA63-79E1BE874652}.Release|x86.Build.0 = Release|Any CPU
		{85FA5A31-F7CB-4225-8FCC-12719864D341}.Debug|Any CPU.ActiveCfg = Debug|Any CPU
		{85FA5A31-F7CB-4225-8FCC-12719864D341}.Debug|Any CPU.Build.0 = Debug|Any CPU
		{85FA5A31-F7CB-4225-8FCC-12719864D341}.Debug|x64.ActiveCfg = Debug|Any CPU
		{85FA5A31-F7CB-4225-8FCC-12719864D341}.Debug|x64.Build.0 = Debug|Any CPU
		{85FA5A31-F7CB-4225-8FCC-12719864D341}.Debug|x86.ActiveCfg = Debug|Any CPU
		{85FA5A31-F7CB-4225-8FCC-12719864D341}.Debug|x86.Build.0 = Debug|Any CPU
		{85FA5A31-F7CB-4225-8FCC-12719864D341}.Release|Any CPU.ActiveCfg = Release|Any CPU
		{85FA5A31-F7CB-4225-8FCC-12719864D341}.Release|Any CPU.Build.0 = Release|Any CPU
		{85FA5A31-F7CB-4225-8FCC-12719864D341}.Release|x64.ActiveCfg = Release|Any CPU
		{85FA5A31-F7CB-4225-8FCC-12719864D341}.Release|x64.Build.0 = Release|Any CPU
		{85FA5A31-F7CB-4225-8FCC-12719864D341}.Release|x86.ActiveCfg = Release|Any CPU
		{85FA5A31-F7CB-4225-8FCC-12719864D341}.Release|x86.Build.0 = Release|Any CPU
		{1307D1FF-1FCC-448D-8299-312A64C875BA}.Debug|Any CPU.ActiveCfg = Debug|Any CPU
		{1307D1FF-1FCC-448D-8299-312A64C875BA}.Debug|Any CPU.Build.0 = Debug|Any CPU
		{1307D1FF-1FCC-448D-8299-312A64C875BA}.Debug|x64.ActiveCfg = Debug|Any CPU
		{1307D1FF-1FCC-448D-8299-312A64C875BA}.Debug|x64.Build.0 = Debug|Any CPU
		{1307D1FF-1FCC-448D-8299-312A64C875BA}.Debug|x86.ActiveCfg = Debug|Any CPU
		{1307D1FF-1FCC-448D-8299-312A64C875BA}.Debug|x86.Build.0 = Debug|Any CPU
		{1307D1FF-1FCC-448D-8299-312A64C875BA}.Release|Any CPU.ActiveCfg = Release|Any CPU
		{1307D1FF-1FCC-448D-8299-312A64C875BA}.Release|Any CPU.Build.0 = Release|Any CPU
		{1307D1FF-1FCC-448D-8299-312A64C875BA}.Release|x64.ActiveCfg = Release|Any CPU
		{1307D1FF-1FCC-448D-8299-312A64C875BA}.Release|x64.Build.0 = Release|Any CPU
		{1307D1FF-1FCC-448D-8299-312A64C875BA}.Release|x86.ActiveCfg = Release|Any CPU
		{1307D1FF-1FCC-448D-8299-312A64C875BA}.Release|x86.Build.0 = Release|Any CPU
		{91550D79-CACE-4077-A66A-A838005FF996}.Debug|Any CPU.ActiveCfg = Debug|Any CPU
		{91550D79-CACE-4077-A66A-A838005FF996}.Debug|Any CPU.Build.0 = Debug|Any CPU
		{91550D79-CACE-4077-A66A-A838005FF996}.Debug|x64.ActiveCfg = Debug|Any CPU
		{91550D79-CACE-4077-A66A-A838005FF996}.Debug|x64.Build.0 = Debug|Any CPU
		{91550D79-CACE-4077-A66A-A838005FF996}.Debug|x86.ActiveCfg = Debug|Any CPU
		{91550D79-CACE-4077-A66A-A838005FF996}.Debug|x86.Build.0 = Debug|Any CPU
		{91550D79-CACE-4077-A66A-A838005FF996}.Release|Any CPU.ActiveCfg = Release|Any CPU
		{91550D79-CACE-4077-A66A-A838005FF996}.Release|Any CPU.Build.0 = Release|Any CPU
		{91550D79-CACE-4077-A66A-A838005FF996}.Release|x64.ActiveCfg = Release|Any CPU
		{91550D79-CACE-4077-A66A-A838005FF996}.Release|x64.Build.0 = Release|Any CPU
		{91550D79-CACE-4077-A66A-A838005FF996}.Release|x86.ActiveCfg = Release|Any CPU
		{91550D79-CACE-4077-A66A-A838005FF996}.Release|x86.Build.0 = Release|Any CPU
		{0A115490-FBC8-41D2-9F6C-79AC1780882E}.Debug|Any CPU.ActiveCfg = Debug|Any CPU
		{0A115490-FBC8-41D2-9F6C-79AC1780882E}.Debug|Any CPU.Build.0 = Debug|Any CPU
		{0A115490-FBC8-41D2-9F6C-79AC1780882E}.Debug|x64.ActiveCfg = Debug|Any CPU
		{0A115490-FBC8-41D2-9F6C-79AC1780882E}.Debug|x64.Build.0 = Debug|Any CPU
		{0A115490-FBC8-41D2-9F6C-79AC1780882E}.Debug|x86.ActiveCfg = Debug|Any CPU
		{0A115490-FBC8-41D2-9F6C-79AC1780882E}.Debug|x86.Build.0 = Debug|Any CPU
		{0A115490-FBC8-41D2-9F6C-79AC1780882E}.Release|Any CPU.ActiveCfg = Release|Any CPU
		{0A115490-FBC8-41D2-9F6C-79AC1780882E}.Release|Any CPU.Build.0 = Release|Any CPU
		{0A115490-FBC8-41D2-9F6C-79AC1780882E}.Release|x64.ActiveCfg = Release|Any CPU
		{0A115490-FBC8-41D2-9F6C-79AC1780882E}.Release|x64.Build.0 = Release|Any CPU
		{0A115490-FBC8-41D2-9F6C-79AC1780882E}.Release|x86.ActiveCfg = Release|Any CPU
		{0A115490-FBC8-41D2-9F6C-79AC1780882E}.Release|x86.Build.0 = Release|Any CPU
		{CA759E44-A09C-4045-81E5-7477851E6257}.Debug|Any CPU.ActiveCfg = Debug|Any CPU
		{CA759E44-A09C-4045-81E5-7477851E6257}.Debug|Any CPU.Build.0 = Debug|Any CPU
		{CA759E44-A09C-4045-81E5-7477851E6257}.Debug|x64.ActiveCfg = Debug|Any CPU
		{CA759E44-A09C-4045-81E5-7477851E6257}.Debug|x64.Build.0 = Debug|Any CPU
		{CA759E44-A09C-4045-81E5-7477851E6257}.Debug|x86.ActiveCfg = Debug|Any CPU
		{CA759E44-A09C-4045-81E5-7477851E6257}.Debug|x86.Build.0 = Debug|Any CPU
		{CA759E44-A09C-4045-81E5-7477851E6257}.Release|Any CPU.ActiveCfg = Release|Any CPU
		{CA759E44-A09C-4045-81E5-7477851E6257}.Release|Any CPU.Build.0 = Release|Any CPU
		{CA759E44-A09C-4045-81E5-7477851E6257}.Release|x64.ActiveCfg = Release|Any CPU
		{CA759E44-A09C-4045-81E5-7477851E6257}.Release|x64.Build.0 = Release|Any CPU
		{CA759E44-A09C-4045-81E5-7477851E6257}.Release|x86.ActiveCfg = Release|Any CPU
		{CA759E44-A09C-4045-81E5-7477851E6257}.Release|x86.Build.0 = Release|Any CPU
		{CEC06D47-6DEA-49E6-A2BA-DA944EE134ED}.Debug|Any CPU.ActiveCfg = Debug|Any CPU
		{CEC06D47-6DEA-49E6-A2BA-DA944EE134ED}.Debug|Any CPU.Build.0 = Debug|Any CPU
		{CEC06D47-6DEA-49E6-A2BA-DA944EE134ED}.Debug|x64.ActiveCfg = Debug|Any CPU
		{CEC06D47-6DEA-49E6-A2BA-DA944EE134ED}.Debug|x64.Build.0 = Debug|Any CPU
		{CEC06D47-6DEA-49E6-A2BA-DA944EE134ED}.Debug|x86.ActiveCfg = Debug|Any CPU
		{CEC06D47-6DEA-49E6-A2BA-DA944EE134ED}.Debug|x86.Build.0 = Debug|Any CPU
		{CEC06D47-6DEA-49E6-A2BA-DA944EE134ED}.Release|Any CPU.ActiveCfg = Release|Any CPU
		{CEC06D47-6DEA-49E6-A2BA-DA944EE134ED}.Release|Any CPU.Build.0 = Release|Any CPU
		{CEC06D47-6DEA-49E6-A2BA-DA944EE134ED}.Release|x64.ActiveCfg = Release|Any CPU
		{CEC06D47-6DEA-49E6-A2BA-DA944EE134ED}.Release|x64.Build.0 = Release|Any CPU
		{CEC06D47-6DEA-49E6-A2BA-DA944EE134ED}.Release|x86.ActiveCfg = Release|Any CPU
		{CEC06D47-6DEA-49E6-A2BA-DA944EE134ED}.Release|x86.Build.0 = Release|Any CPU
		{15851A0B-F50C-441A-96DD-A045EAD6E7EB}.Debug|Any CPU.ActiveCfg = Debug|Any CPU
		{15851A0B-F50C-441A-96DD-A045EAD6E7EB}.Debug|Any CPU.Build.0 = Debug|Any CPU
		{15851A0B-F50C-441A-96DD-A045EAD6E7EB}.Debug|x64.ActiveCfg = Debug|Any CPU
		{15851A0B-F50C-441A-96DD-A045EAD6E7EB}.Debug|x64.Build.0 = Debug|Any CPU
		{15851A0B-F50C-441A-96DD-A045EAD6E7EB}.Debug|x86.ActiveCfg = Debug|Any CPU
		{15851A0B-F50C-441A-96DD-A045EAD6E7EB}.Debug|x86.Build.0 = Debug|Any CPU
		{15851A0B-F50C-441A-96DD-A045EAD6E7EB}.Release|Any CPU.ActiveCfg = Release|Any CPU
		{15851A0B-F50C-441A-96DD-A045EAD6E7EB}.Release|Any CPU.Build.0 = Release|Any CPU
		{15851A0B-F50C-441A-96DD-A045EAD6E7EB}.Release|x64.ActiveCfg = Release|Any CPU
		{15851A0B-F50C-441A-96DD-A045EAD6E7EB}.Release|x64.Build.0 = Release|Any CPU
		{15851A0B-F50C-441A-96DD-A045EAD6E7EB}.Release|x86.ActiveCfg = Release|Any CPU
		{15851A0B-F50C-441A-96DD-A045EAD6E7EB}.Release|x86.Build.0 = Release|Any CPU
	EndGlobalSection
	GlobalSection(SolutionProperties) = preSolution
		HideSolutionNode = FALSE
	EndGlobalSection
	GlobalSection(NestedProjects) = preSolution
		{AA161186-2CB0-46F0-B452-35E38CBFB0F6} = {865E1C7C-11DF-4FF4-A276-873C17FDCEE0}
		{42FABB35-DAAE-4F20-A36A-D6FC24354A56} = {865E1C7C-11DF-4FF4-A276-873C17FDCEE0}
		{5EA7B74C-C625-4CB8-A258-2B020169F5E4} = {865E1C7C-11DF-4FF4-A276-873C17FDCEE0}
		{AEBC841E-4E40-4A93-BD5A-AD2F9413F60E} = {B4FE5DD4-C836-4132-BD1E-9C6B3E94709D}
		{8051F60A-0C39-4CA6-971D-BB6236979CDD} = {865E1C7C-11DF-4FF4-A276-873C17FDCEE0}
		{7E87F2A4-6798-4991-ACDA-52871E9ED99B} = {B4FE5DD4-C836-4132-BD1E-9C6B3E94709D}
		{432038F5-E738-435C-A87E-CBFBCDE7FCDF} = {B4FE5DD4-C836-4132-BD1E-9C6B3E94709D}
		{3A9367D1-9D0F-44A2-9C52-B10E5999F062} = {865E1C7C-11DF-4FF4-A276-873C17FDCEE0}
		{5D37025D-7511-4C90-BF56-9F28378D0E37} = {B4FE5DD4-C836-4132-BD1E-9C6B3E94709D}
		{7CEB5653-AF62-4AED-B0E8-8C84B1AA74DF} = {744F2486-89F5-4D8D-8459-62A902448E50}
		{98BE21E4-F723-4D74-942B-29BEF19CEBCD} = {744F2486-89F5-4D8D-8459-62A902448E50}
		{D2797699-31D8-4E3C-9422-87153B2D21F1} = {92DF24A2-F8C0-4F85-A578-35537F67C1DE}
		{42BC8BC2-9C29-48D9-94C4-E7C6F23EB2A9} = {92DF24A2-F8C0-4F85-A578-35537F67C1DE}
		{9B9EB750-652E-4204-918E-F9EC2EB23523} = {92DF24A2-F8C0-4F85-A578-35537F67C1DE}
		{4619053D-4B53-4922-9B28-91E6DE6F546E} = {92DF24A2-F8C0-4F85-A578-35537F67C1DE}
		{DD294A41-4387-4E27-88AC-3048437A2701} = {92DF24A2-F8C0-4F85-A578-35537F67C1DE}
		{BEAFBDA3-BC95-42C1-BA63-79E1BE874652} = {744F2486-89F5-4D8D-8459-62A902448E50}
		{85FA5A31-F7CB-4225-8FCC-12719864D341} = {92DF24A2-F8C0-4F85-A578-35537F67C1DE}
		{1307D1FF-1FCC-448D-8299-312A64C875BA} = {92DF24A2-F8C0-4F85-A578-35537F67C1DE}
		{91550D79-CACE-4077-A66A-A838005FF996} = {92DF24A2-F8C0-4F85-A578-35537F67C1DE}
		{0A115490-FBC8-41D2-9F6C-79AC1780882E} = {92DF24A2-F8C0-4F85-A578-35537F67C1DE}
		{CA759E44-A09C-4045-81E5-7477851E6257} = {744F2486-89F5-4D8D-8459-62A902448E50}
		{CEC06D47-6DEA-49E6-A2BA-DA944EE134ED} = {865E1C7C-11DF-4FF4-A276-873C17FDCEE0}
		{15851A0B-F50C-441A-96DD-A045EAD6E7EB} = {B4FE5DD4-C836-4132-BD1E-9C6B3E94709D}
	EndGlobalSection
	GlobalSection(ExtensibilityGlobals) = postSolution
		SolutionGuid = {CFB44E9E-803B-41B9-9356-77DDB46D94AF}
	EndGlobalSection
EndGlobal
